// !$*UTF8*$!
{
	archiveVersion = 1;
	classes = {
	};
	objectVersion = 46;
	objects = {

/* Begin PBXBuildFile section */
		D9F140A91E32EB12001B2035 /* AppDelegate.swift in Sources */ = {isa = PBXBuildFile; fileRef = D9F140A81E32EB12001B2035 /* AppDelegate.swift */; };
		D9F140AB1E32EB12001B2035 /* ViewController.swift in Sources */ = {isa = PBXBuildFile; fileRef = D9F140AA1E32EB12001B2035 /* ViewController.swift */; };
		D9F140AE1E32EB12001B2035 /* Main.storyboard in Resources */ = {isa = PBXBuildFile; fileRef = D9F140AC1E32EB12001B2035 /* Main.storyboard */; };
		D9F140B11E32EB12001B2035 /* FaceCreep.xcdatamodeld in Sources */ = {isa = PBXBuildFile; fileRef = D9F140AF1E32EB12001B2035 /* FaceCreep.xcdatamodeld */; };
		D9F140B31E32EB12001B2035 /* Assets.xcassets in Resources */ = {isa = PBXBuildFile; fileRef = D9F140B21E32EB12001B2035 /* Assets.xcassets */; };
		D9F140B61E32EB12001B2035 /* LaunchScreen.storyboard in Resources */ = {isa = PBXBuildFile; fileRef = D9F140B41E32EB12001B2035 /* LaunchScreen.storyboard */; };
		D9F140C11E32EB12001B2035 /* FaceCreepTests.swift in Sources */ = {isa = PBXBuildFile; fileRef = D9F140C01E32EB12001B2035 /* FaceCreepTests.swift */; };
		D9F140CC1E32EB12001B2035 /* FaceCreepUITests.swift in Sources */ = {isa = PBXBuildFile; fileRef = D9F140CB1E32EB12001B2035 /* FaceCreepUITests.swift */; };
/* End PBXBuildFile section */

/* Begin PBXContainerItemProxy section */
		D9F140BD1E32EB12001B2035 /* PBXContainerItemProxy */ = {
			isa = PBXContainerItemProxy;
			containerPortal = D9F1409D1E32EB12001B2035 /* Project object */;
			proxyType = 1;
			remoteGlobalIDString = D9F140A41E32EB12001B2035;
			remoteInfo = FaceCreep;
		};
		D9F140C81E32EB12001B2035 /* PBXContainerItemProxy */ = {
			isa = PBXContainerItemProxy;
			containerPortal = D9F1409D1E32EB12001B2035 /* Project object */;
			proxyType = 1;
			remoteGlobalIDString = D9F140A41E32EB12001B2035;
			remoteInfo = FaceCreep;
		};
/* End PBXContainerItemProxy section */

/* Begin PBXFileReference section */
		D9F140A51E32EB12001B2035 /* FaceCreep.app */ = {isa = PBXFileReference; explicitFileType = wrapper.application; includeInIndex = 0; path = FaceCreep.app; sourceTree = BUILT_PRODUCTS_DIR; };
		D9F140A81E32EB12001B2035 /* AppDelegate.swift */ = {isa = PBXFileReference; lastKnownFileType = sourcecode.swift; path = AppDelegate.swift; sourceTree = "<group>"; };
		D9F140AA1E32EB12001B2035 /* ViewController.swift */ = {isa = PBXFileReference; lastKnownFileType = sourcecode.swift; path = ViewController.swift; sourceTree = "<group>"; };
		D9F140AD1E32EB12001B2035 /* Base */ = {isa = PBXFileReference; lastKnownFileType = file.storyboard; name = Base; path = Base.lproj/Main.storyboard; sourceTree = "<group>"; };
		D9F140B01E32EB12001B2035 /* FaceCreep.xcdatamodel */ = {isa = PBXFileReference; lastKnownFileType = wrapper.xcdatamodel; path = FaceCreep.xcdatamodel; sourceTree = "<group>"; };
		D9F140B21E32EB12001B2035 /* Assets.xcassets */ = {isa = PBXFileReference; lastKnownFileType = folder.assetcatalog; path = Assets.xcassets; sourceTree = "<group>"; };
		D9F140B51E32EB12001B2035 /* Base */ = {isa = PBXFileReference; lastKnownFileType = file.storyboard; name = Base; path = Base.lproj/LaunchScreen.storyboard; sourceTree = "<group>"; };
		D9F140B71E32EB12001B2035 /* Info.plist */ = {isa = PBXFileReference; lastKnownFileType = text.plist.xml; path = Info.plist; sourceTree = "<group>"; };
		D9F140BC1E32EB12001B2035 /* FaceCreepTests.xctest */ = {isa = PBXFileReference; explicitFileType = wrapper.cfbundle; includeInIndex = 0; path = FaceCreepTests.xctest; sourceTree = BUILT_PRODUCTS_DIR; };
		D9F140C01E32EB12001B2035 /* FaceCreepTests.swift */ = {isa = PBXFileReference; lastKnownFileType = sourcecode.swift; path = FaceCreepTests.swift; sourceTree = "<group>"; };
		D9F140C21E32EB12001B2035 /* Info.plist */ = {isa = PBXFileReference; lastKnownFileType = text.plist.xml; path = Info.plist; sourceTree = "<group>"; };
		D9F140C71E32EB12001B2035 /* FaceCreepUITests.xctest */ = {isa = PBXFileReference; explicitFileType = wrapper.cfbundle; includeInIndex = 0; path = FaceCreepUITests.xctest; sourceTree = BUILT_PRODUCTS_DIR; };
		D9F140CB1E32EB12001B2035 /* FaceCreepUITests.swift */ = {isa = PBXFileReference; lastKnownFileType = sourcecode.swift; path = FaceCreepUITests.swift; sourceTree = "<group>"; };
		D9F140CD1E32EB12001B2035 /* Info.plist */ = {isa = PBXFileReference; lastKnownFileType = text.plist.xml; path = Info.plist; sourceTree = "<group>"; };
/* End PBXFileReference section */

/* Begin PBXFrameworksBuildPhase section */
		D9F140A21E32EB12001B2035 /* Frameworks */ = {
			isa = PBXFrameworksBuildPhase;
			buildActionMask = 2147483647;
			files = (
			);
			runOnlyForDeploymentPostprocessing = 0;
		};
		D9F140B91E32EB12001B2035 /* Frameworks */ = {
			isa = PBXFrameworksBuildPhase;
			buildActionMask = 2147483647;
			files = (
			);
			runOnlyForDeploymentPostprocessing = 0;
		};
		D9F140C41E32EB12001B2035 /* Frameworks */ = {
			isa = PBXFrameworksBuildPhase;
			buildActionMask = 2147483647;
			files = (
			);
			runOnlyForDeploymentPostprocessing = 0;
		};
/* End PBXFrameworksBuildPhase section */

/* Begin PBXGroup section */
		D9F1409C1E32EB12001B2035 = {
			isa = PBXGroup;
			children = (
				D9F140A71E32EB12001B2035 /* FaceCreep */,
				D9F140BF1E32EB12001B2035 /* FaceCreepTests */,
				D9F140CA1E32EB12001B2035 /* FaceCreepUITests */,
				D9F140A61E32EB12001B2035 /* Products */,
			);
			sourceTree = "<group>";
		};
		D9F140A61E32EB12001B2035 /* Products */ = {
			isa = PBXGroup;
			children = (
				D9F140A51E32EB12001B2035 /* FaceCreep.app */,
				D9F140BC1E32EB12001B2035 /* FaceCreepTests.xctest */,
				D9F140C71E32EB12001B2035 /* FaceCreepUITests.xctest */,
			);
			name = Products;
			sourceTree = "<group>";
		};
		D9F140A71E32EB12001B2035 /* FaceCreep */ = {
			isa = PBXGroup;
			children = (
				D9F140A81E32EB12001B2035 /* AppDelegate.swift */,
				D9F140AA1E32EB12001B2035 /* ViewController.swift */,
				D9F140AC1E32EB12001B2035 /* Main.storyboard */,
				D9F140B21E32EB12001B2035 /* Assets.xcassets */,
				D9F140B41E32EB12001B2035 /* LaunchScreen.storyboard */,
				D9F140B71E32EB12001B2035 /* Info.plist */,
				D9F140AF1E32EB12001B2035 /* FaceCreep.xcdatamodeld */,
			);
			path = FaceCreep;
			sourceTree = "<group>";
		};
		D9F140BF1E32EB12001B2035 /* FaceCreepTests */ = {
			isa = PBXGroup;
			children = (
				D9F140C01E32EB12001B2035 /* FaceCreepTests.swift */,
				D9F140C21E32EB12001B2035 /* Info.plist */,
			);
			path = FaceCreepTests;
			sourceTree = "<group>";
		};
		D9F140CA1E32EB12001B2035 /* FaceCreepUITests */ = {
			isa = PBXGroup;
			children = (
				D9F140CB1E32EB12001B2035 /* FaceCreepUITests.swift */,
				D9F140CD1E32EB12001B2035 /* Info.plist */,
			);
			path = FaceCreepUITests;
			sourceTree = "<group>";
		};
/* End PBXGroup section */

/* Begin PBXNativeTarget section */
		D9F140A41E32EB12001B2035 /* FaceCreep */ = {
			isa = PBXNativeTarget;
			buildConfigurationList = D9F140D01E32EB12001B2035 /* Build configuration list for PBXNativeTarget "FaceCreep" */;
			buildPhases = (
				D9F140A11E32EB12001B2035 /* Sources */,
				D9F140A21E32EB12001B2035 /* Frameworks */,
				D9F140A31E32EB12001B2035 /* Resources */,
			);
			buildRules = (
			);
			dependencies = (
			);
			name = FaceCreep;
			productName = FaceCreep;
			productReference = D9F140A51E32EB12001B2035 /* FaceCreep.app */;
			productType = "com.apple.product-type.application";
		};
		D9F140BB1E32EB12001B2035 /* FaceCreepTests */ = {
			isa = PBXNativeTarget;
			buildConfigurationList = D9F140D31E32EB12001B2035 /* Build configuration list for PBXNativeTarget "FaceCreepTests" */;
			buildPhases = (
				D9F140B81E32EB12001B2035 /* Sources */,
				D9F140B91E32EB12001B2035 /* Frameworks */,
				D9F140BA1E32EB12001B2035 /* Resources */,
			);
			buildRules = (
			);
			dependencies = (
				D9F140BE1E32EB12001B2035 /* PBXTargetDependency */,
			);
			name = FaceCreepTests;
			productName = FaceCreepTests;
			productReference = D9F140BC1E32EB12001B2035 /* FaceCreepTests.xctest */;
			productType = "com.apple.product-type.bundle.unit-test";
		};
		D9F140C61E32EB12001B2035 /* FaceCreepUITests */ = {
			isa = PBXNativeTarget;
			buildConfigurationList = D9F140D61E32EB12001B2035 /* Build configuration list for PBXNativeTarget "FaceCreepUITests" */;
			buildPhases = (
				D9F140C31E32EB12001B2035 /* Sources */,
				D9F140C41E32EB12001B2035 /* Frameworks */,
				D9F140C51E32EB12001B2035 /* Resources */,
			);
			buildRules = (
			);
			dependencies = (
				D9F140C91E32EB12001B2035 /* PBXTargetDependency */,
			);
			name = FaceCreepUITests;
			productName = FaceCreepUITests;
			productReference = D9F140C71E32EB12001B2035 /* FaceCreepUITests.xctest */;
			productType = "com.apple.product-type.bundle.ui-testing";
		};
/* End PBXNativeTarget section */

/* Begin PBXProject section */
		D9F1409D1E32EB12001B2035 /* Project object */ = {
			isa = PBXProject;
			attributes = {
				LastSwiftUpdateCheck = 0820;
				LastUpgradeCheck = 0820;
				ORGANIZATIONNAME = Hackathon;
				TargetAttributes = {
					D9F140A41E32EB12001B2035 = {
						CreatedOnToolsVersion = 8.2.1;
						DevelopmentTeam = QMQYG4AHK8;
						ProvisioningStyle = Automatic;
					};
					D9F140BB1E32EB12001B2035 = {
						CreatedOnToolsVersion = 8.2.1;
						ProvisioningStyle = Automatic;
						TestTargetID = D9F140A41E32EB12001B2035;
					};
					D9F140C61E32EB12001B2035 = {
						CreatedOnToolsVersion = 8.2.1;
						ProvisioningStyle = Automatic;
						TestTargetID = D9F140A41E32EB12001B2035;
					};
				};
			};
			buildConfigurationList = D9F140A01E32EB12001B2035 /* Build configuration list for PBXProject "FaceCreep" */;
			compatibilityVersion = "Xcode 3.2";
			developmentRegion = English;
			hasScannedForEncodings = 0;
			knownRegions = (
				en,
				Base,
			);
			mainGroup = D9F1409C1E32EB12001B2035;
			productRefGroup = D9F140A61E32EB12001B2035 /* Products */;
			projectDirPath = "";
			projectRoot = "";
			targets = (
				D9F140A41E32EB12001B2035 /* FaceCreep */,
				D9F140BB1E32EB12001B2035 /* FaceCreepTests */,
				D9F140C61E32EB12001B2035 /* FaceCreepUITests */,
			);
		};
/* End PBXProject section */

/* Begin PBXResourcesBuildPhase section */
		D9F140A31E32EB12001B2035 /* Resources */ = {
			isa = PBXResourcesBuildPhase;
			buildActionMask = 2147483647;
			files = (
				D9F140B61E32EB12001B2035 /* LaunchScreen.storyboard in Resources */,
				D9F140B31E32EB12001B2035 /* Assets.xcassets in Resources */,
				D9F140AE1E32EB12001B2035 /* Main.storyboard in Resources */,
			);
			runOnlyForDeploymentPostprocessing = 0;
		};
		D9F140BA1E32EB12001B2035 /* Resources */ = {
			isa = PBXResourcesBuildPhase;
			buildActionMask = 2147483647;
			files = (
			);
			runOnlyForDeploymentPostprocessing = 0;
		};
		D9F140C51E32EB12001B2035 /* Resources */ = {
			isa = PBXResourcesBuildPhase;
			buildActionMask = 2147483647;
			files = (
			);
			runOnlyForDeploymentPostprocessing = 0;
		};
/* End PBXResourcesBuildPhase section */

/* Begin PBXSourcesBuildPhase section */
		D9F140A11E32EB12001B2035 /* Sources */ = {
			isa = PBXSourcesBuildPhase;
			buildActionMask = 2147483647;
			files = (
				D9F140B11E32EB12001B2035 /* FaceCreep.xcdatamodeld in Sources */,
				D9F140AB1E32EB12001B2035 /* ViewController.swift in Sources */,
				D9F140A91E32EB12001B2035 /* AppDelegate.swift in Sources */,
			);
			runOnlyForDeploymentPostprocessing = 0;
		};
		D9F140B81E32EB12001B2035 /* Sources */ = {
			isa = PBXSourcesBuildPhase;
			buildActionMask = 2147483647;
			files = (
				D9F140C11E32EB12001B2035 /* FaceCreepTests.swift in Sources */,
			);
			runOnlyForDeploymentPostprocessing = 0;
		};
		D9F140C31E32EB12001B2035 /* Sources */ = {
			isa = PBXSourcesBuildPhase;
			buildActionMask = 2147483647;
			files = (
				D9F140CC1E32EB12001B2035 /* FaceCreepUITests.swift in Sources */,
			);
			runOnlyForDeploymentPostprocessing = 0;
		};
/* End PBXSourcesBuildPhase section */

/* Begin PBXTargetDependency section */
		D9F140BE1E32EB12001B2035 /* PBXTargetDependency */ = {
			isa = PBXTargetDependency;
			target = D9F140A41E32EB12001B2035 /* FaceCreep */;
			targetProxy = D9F140BD1E32EB12001B2035 /* PBXContainerItemProxy */;
		};
		D9F140C91E32EB12001B2035 /* PBXTargetDependency */ = {
			isa = PBXTargetDependency;
			target = D9F140A41E32EB12001B2035 /* FaceCreep */;
			targetProxy = D9F140C81E32EB12001B2035 /* PBXContainerItemProxy */;
		};
/* End PBXTargetDependency section */

/* Begin PBXVariantGroup section */
		D9F140AC1E32EB12001B2035 /* Main.storyboard */ = {
			isa = PBXVariantGroup;
			children = (
				D9F140AD1E32EB12001B2035 /* Base */,
			);
			name = Main.storyboard;
			sourceTree = "<group>";
		};
		D9F140B41E32EB12001B2035 /* LaunchScreen.storyboard */ = {
			isa = PBXVariantGroup;
			children = (
				D9F140B51E32EB12001B2035 /* Base */,
			);
			name = LaunchScreen.storyboard;
			sourceTree = "<group>";
		};
/* End PBXVariantGroup section */

/* Begin XCBuildConfiguration section */
		D9F140CE1E32EB12001B2035 /* Debug */ = {
			isa = XCBuildConfiguration;
			buildSettings = {
				ALWAYS_SEARCH_USER_PATHS = NO;
				CLANG_ANALYZER_NONNULL = YES;
				CLANG_CXX_LANGUAGE_STANDARD = "gnu++0x";
				CLANG_CXX_LIBRARY = "libc++";
				CLANG_ENABLE_MODULES = YES;
				CLANG_ENABLE_OBJC_ARC = YES;
				CLANG_WARN_BOOL_CONVERSION = YES;
				CLANG_WARN_CONSTANT_CONVERSION = YES;
				CLANG_WARN_DIRECT_OBJC_ISA_USAGE = YES_ERROR;
				CLANG_WARN_DOCUMENTATION_COMMENTS = YES;
				CLANG_WARN_EMPTY_BODY = YES;
				CLANG_WARN_ENUM_CONVERSION = YES;
				CLANG_WARN_INFINITE_RECURSION = YES;
				CLANG_WARN_INT_CONVERSION = YES;
				CLANG_WARN_OBJC_ROOT_CLASS = YES_ERROR;
				CLANG_WARN_SUSPICIOUS_MOVE = YES;
				CLANG_WARN_UNREACHABLE_CODE = YES;
				CLANG_WARN__DUPLICATE_METHOD_MATCH = YES;
				"CODE_SIGN_IDENTITY[sdk=iphoneos*]" = "iPhone Developer";
				COPY_PHASE_STRIP = NO;
				DEBUG_INFORMATION_FORMAT = dwarf;
				ENABLE_STRICT_OBJC_MSGSEND = YES;
				ENABLE_TESTABILITY = YES;
				GCC_C_LANGUAGE_STANDARD = gnu99;
				GCC_DYNAMIC_NO_PIC = NO;
				GCC_NO_COMMON_BLOCKS = YES;
				GCC_OPTIMIZATION_LEVEL = 0;
				GCC_PREPROCESSOR_DEFINITIONS = (
					"DEBUG=1",
					"$(inherited)",
				);
				GCC_WARN_64_TO_32_BIT_CONVERSION = YES;
				GCC_WARN_ABOUT_RETURN_TYPE = YES_ERROR;
				GCC_WARN_UNDECLARED_SELECTOR = YES;
				GCC_WARN_UNINITIALIZED_AUTOS = YES_AGGRESSIVE;
				GCC_WARN_UNUSED_FUNCTION = YES;
				GCC_WARN_UNUSED_VARIABLE = YES;
				IPHONEOS_DEPLOYMENT_TARGET = 10.2;
				MTL_ENABLE_DEBUG_INFO = YES;
				ONLY_ACTIVE_ARCH = YES;
				SDKROOT = iphoneos;
				SWIFT_ACTIVE_COMPILATION_CONDITIONS = DEBUG;
				SWIFT_OPTIMIZATION_LEVEL = "-Onone";
				TARGETED_DEVICE_FAMILY = "1,2";
			};
			name = Debug;
		};
		D9F140CF1E32EB12001B2035 /* Release */ = {
			isa = XCBuildConfiguration;
			buildSettings = {
				ALWAYS_SEARCH_USER_PATHS = NO;
				CLANG_ANALYZER_NONNULL = YES;
				CLANG_CXX_LANGUAGE_STANDARD = "gnu++0x";
				CLANG_CXX_LIBRARY = "libc++";
				CLANG_ENABLE_MODULES = YES;
				CLANG_ENABLE_OBJC_ARC = YES;
				CLANG_WARN_BOOL_CONVERSION = YES;
				CLANG_WARN_CONSTANT_CONVERSION = YES;
				CLANG_WARN_DIRECT_OBJC_ISA_USAGE = YES_ERROR;
				CLANG_WARN_DOCUMENTATION_COMMENTS = YES;
				CLANG_WARN_EMPTY_BODY = YES;
				CLANG_WARN_ENUM_CONVERSION = YES;
				CLANG_WARN_INFINITE_RECURSION = YES;
				CLANG_WARN_INT_CONVERSION = YES;
				CLANG_WARN_OBJC_ROOT_CLASS = YES_ERROR;
				CLANG_WARN_SUSPICIOUS_MOVE = YES;
				CLANG_WARN_UNREACHABLE_CODE = YES;
				CLANG_WARN__DUPLICATE_METHOD_MATCH = YES;
				"CODE_SIGN_IDENTITY[sdk=iphoneos*]" = "iPhone Developer";
				COPY_PHASE_STRIP = NO;
				DEBUG_INFORMATION_FORMAT = "dwarf-with-dsym";
				ENABLE_NS_ASSERTIONS = NO;
				ENABLE_STRICT_OBJC_MSGSEND = YES;
				GCC_C_LANGUAGE_STANDARD = gnu99;
				GCC_NO_COMMON_BLOCKS = YES;
				GCC_WARN_64_TO_32_BIT_CONVERSION = YES;
				GCC_WARN_ABOUT_RETURN_TYPE = YES_ERROR;
				GCC_WARN_UNDECLARED_SELECTOR = YES;
				GCC_WARN_UNINITIALIZED_AUTOS = YES_AGGRESSIVE;
				GCC_WARN_UNUSED_FUNCTION = YES;
				GCC_WARN_UNUSED_VARIABLE = YES;
				IPHONEOS_DEPLOYMENT_TARGET = 10.2;
				MTL_ENABLE_DEBUG_INFO = NO;
				SDKROOT = iphoneos;
				SWIFT_OPTIMIZATION_LEVEL = "-Owholemodule";
				TARGETED_DEVICE_FAMILY = "1,2";
				VALIDATE_PRODUCT = YES;
			};
			name = Release;
		};
		D9F140D11E32EB12001B2035 /* Debug */ = {
			isa = XCBuildConfiguration;
			buildSettings = {
				ASSETCATALOG_COMPILER_APPICON_NAME = AppIcon;
				DEVELOPMENT_TEAM = QMQYG4AHK8;
				INFOPLIST_FILE = FaceCreep/Info.plist;
				LD_RUNPATH_SEARCH_PATHS = "$(inherited) @executable_path/Frameworks";
				PRODUCT_BUNDLE_IDENTIFIER = Hackathon.FaceCreep;
				PRODUCT_NAME = "$(TARGET_NAME)";
				SWIFT_VERSION = 3.0;
			};
			name = Debug;
		};
		D9F140D21E32EB12001B2035 /* Release */ = {
			isa = XCBuildConfiguration;
			buildSettings = {
				ASSETCATALOG_COMPILER_APPICON_NAME = AppIcon;
				DEVELOPMENT_TEAM = QMQYG4AHK8;
				INFOPLIST_FILE = FaceCreep/Info.plist;
				LD_RUNPATH_SEARCH_PATHS = "$(inherited) @executable_path/Frameworks";
				PRODUCT_BUNDLE_IDENTIFIER = Hackathon.FaceCreep;
				PRODUCT_NAME = "$(TARGET_NAME)";
				SWIFT_VERSION = 3.0;
			};
			name = Release;
		};
		D9F140D41E32EB12001B2035 /* Debug */ = {
			isa = XCBuildConfiguration;
			buildSettings = {
				ALWAYS_EMBED_SWIFT_STANDARD_LIBRARIES = YES;
				BUNDLE_LOADER = "$(TEST_HOST)";
				INFOPLIST_FILE = FaceCreepTests/Info.plist;
				LD_RUNPATH_SEARCH_PATHS = "$(inherited) @executable_path/Frameworks @loader_path/Frameworks";
				PRODUCT_BUNDLE_IDENTIFIER = Hackathon.FaceCreepTests;
				PRODUCT_NAME = "$(TARGET_NAME)";
				SWIFT_VERSION = 3.0;
				TEST_HOST = "$(BUILT_PRODUCTS_DIR)/FaceCreep.app/FaceCreep";
			};
			name = Debug;
		};
		D9F140D51E32EB12001B2035 /* Release */ = {
			isa = XCBuildConfiguration;
			buildSettings = {
				ALWAYS_EMBED_SWIFT_STANDARD_LIBRARIES = YES;
				BUNDLE_LOADER = "$(TEST_HOST)";
				INFOPLIST_FILE = FaceCreepTests/Info.plist;
				LD_RUNPATH_SEARCH_PATHS = "$(inherited) @executable_path/Frameworks @loader_path/Frameworks";
				PRODUCT_BUNDLE_IDENTIFIER = Hackathon.FaceCreepTests;
				PRODUCT_NAME = "$(TARGET_NAME)";
				SWIFT_VERSION = 3.0;
				TEST_HOST = "$(BUILT_PRODUCTS_DIR)/FaceCreep.app/FaceCreep";
			};
			name = Release;
		};
		D9F140D71E32EB12001B2035 /* Debug */ = {
			isa = XCBuildConfiguration;
			buildSettings = {
				ALWAYS_EMBED_SWIFT_STANDARD_LIBRARIES = YES;
				INFOPLIST_FILE = FaceCreepUITests/Info.plist;
				LD_RUNPATH_SEARCH_PATHS = "$(inherited) @executable_path/Frameworks @loader_path/Frameworks";
				PRODUCT_BUNDLE_IDENTIFIER = Hackathon.FaceCreepUITests;
				PRODUCT_NAME = "$(TARGET_NAME)";
				SWIFT_VERSION = 3.0;
				TEST_TARGET_NAME = FaceCreep;
			};
			name = Debug;
		};
		D9F140D81E32EB12001B2035 /* Release */ = {
			isa = XCBuildConfiguration;
			buildSettings = {
				ALWAYS_EMBED_SWIFT_STANDARD_LIBRARIES = YES;
				INFOPLIST_FILE = FaceCreepUITests/Info.plist;
				LD_RUNPATH_SEARCH_PATHS = "$(inherited) @executable_path/Frameworks @loader_path/Frameworks";
				PRODUCT_BUNDLE_IDENTIFIER = Hackathon.FaceCreepUITests;
				PRODUCT_NAME = "$(TARGET_NAME)";
				SWIFT_VERSION = 3.0;
				TEST_TARGET_NAME = FaceCreep;
			};
			name = Release;
		};
/* End XCBuildConfiguration section */

/* Begin XCConfigurationList section */
		D9F140A01E32EB12001B2035 /* Build configuration list for PBXProject "FaceCreep" */ = {
			isa = XCConfigurationList;
			buildConfigurations = (
				D9F140CE1E32EB12001B2035 /* Debug */,
				D9F140CF1E32EB12001B2035 /* Release */,
			);
			defaultConfigurationIsVisible = 0;
			defaultConfigurationName = Release;
		};
		D9F140D01E32EB12001B2035 /* Build configuration list for PBXNativeTarget "FaceCreep" */ = {
			isa = XCConfigurationList;
			buildConfigurations = (
				D9F140D11E32EB12001B2035 /* Debug */,
				D9F140D21E32EB12001B2035 /* Release */,
			);
			defaultConfigurationIsVisible = 0;
		};
		D9F140D31E32EB12001B2035 /* Build configuration list for PBXNativeTarget "FaceCreepTests" */ = {
			isa = XCConfigurationList;
			buildConfigurations = (
				D9F140D41E32EB12001B2035 /* Debug */,
				D9F140D51E32EB12001B2035 /* Release */,
			);
			defaultConfigurationIsVisible = 0;
		};
		D9F140D61E32EB12001B2035 /* Build configuration list for PBXNativeTarget "FaceCreepUITests" */ = {
			isa = XCConfigurationList;
			buildConfigurations = (
				D9F140D71E32EB12001B2035 /* Debug */,
				D9F140D81E32EB12001B2035 /* Release */,
			);
			defaultConfigurationIsVisible = 0;
		};
/* End XCConfigurationList section */

/* Begin XCVersionGroup section */
		D9F140AF1E32EB12001B2035 /* FaceCreep.xcdatamodeld */ = {
			isa = XCVersionGroup;
			children = (
				D9F140B01E32EB12001B2035 /* FaceCreep.xcdatamodel */,
			);
			currentVersion = D9F140B01E32EB12001B2035 /* FaceCreep.xcdatamodel */;
			path = FaceCreep.xcdatamodeld;
			sourceTree = "<group>";
			versionGroupType = wrapper.xcdatamodel;
		};
/* End XCVersionGroup section */
	};
	rootObject = D9F1409D1E32EB12001B2035 /* Project object */;
}
